
Microsoft Visual Studio Solution File, Format Version 12.00
# Visual Studio 15
VisualStudioVersion = 15.0.26430.14
MinimumVisualStudioVersion = 10.0.40219.1
Project("{FAE04EC0-301F-11D3-BF4B-00C04F79EFBC}") = "Xam1.Android", "Xam1\Xam1.Android\Xam1.Android.csproj", "{DC047734-8A46-4AF8-B370-1A8269BE9478}"
EndProject
Project("{FAE04EC0-301F-11D3-BF4B-00C04F79EFBC}") = "Xam1", "Xam1\Xam1\Xam1.csproj", "{A8B7E24E-9EA9-4128-BBB1-7F60280AA372}"
EndProject
Project("{FAE04EC0-301F-11D3-BF4B-00C04F79EFBC}") = "Xam1.iOS", "Xam1\Xam1.iOS\Xam1.iOS.csproj", "{406939FF-5889-4DD0-B587-0A6CCB1F6893}"
EndProject
Global
	GlobalSection(SolutionConfigurationPlatforms) = preSolution
		Ad-Hoc|Any CPU = Ad-Hoc|Any CPU
		Ad-Hoc|iPhone = Ad-Hoc|iPhone
		Ad-Hoc|iPhoneSimulator = Ad-Hoc|iPhoneSimulator
		AppStore|Any CPU = AppStore|Any CPU
		AppStore|iPhone = AppStore|iPhone
		AppStore|iPhoneSimulator = AppStore|iPhoneSimulator
		Debug|Any CPU = Debug|Any CPU
		Debug|iPhone = Debug|iPhone
		Debug|iPhoneSimulator = Debug|iPhoneSimulator
		Release|Any CPU = Release|Any CPU
		Release|iPhone = Release|iPhone
		Release|iPhoneSimulator = Release|iPhoneSimulator
	EndGlobalSection
	GlobalSection(ProjectConfigurationPlatforms) = postSolution
		{DC047734-8A46-4AF8-B370-1A8269BE9478}.Ad-Hoc|Any CPU.ActiveCfg = Release|Any CPU
		{DC047734-8A46-4AF8-B370-1A8269BE9478}.Ad-Hoc|Any CPU.Build.0 = Release|Any CPU
		{DC047734-8A46-4AF8-B370-1A8269BE9478}.Ad-Hoc|Any CPU.Deploy.0 = Release|Any CPU
		{DC047734-8A46-4AF8-B370-1A8269BE9478}.Ad-Hoc|iPhone.ActiveCfg = Release|Any CPU
		{DC047734-8A46-4AF8-B370-1A8269BE9478}.Ad-Hoc|iPhone.Build.0 = Release|Any CPU
		{DC047734-8A46-4AF8-B370-1A8269BE9478}.Ad-Hoc|iPhone.Deploy.0 = Release|Any CPU
		{DC047734-8A46-4AF8-B370-1A8269BE9478}.Ad-Hoc|iPhoneSimulator.ActiveCfg = Release|Any CPU
		{DC047734-8A46-4AF8-B370-1A8269BE9478}.Ad-Hoc|iPhoneSimulator.Build.0 = Release|Any CPU
		{DC047734-8A46-4AF8-B370-1A8269BE9478}.Ad-Hoc|iPhoneSimulator.Deploy.0 = Release|Any CPU
		{DC047734-8A46-4AF8-B370-1A8269BE9478}.AppStore|Any CPU.ActiveCfg = Release|Any CPU
		{DC047734-8A46-4AF8-B370-1A8269BE9478}.AppStore|Any CPU.Build.0 = Release|Any CPU
		{DC047734-8A46-4AF8-B370-1A8269BE9478}.AppStore|Any CPU.Deploy.0 = Release|Any CPU
		{DC047734-8A46-4AF8-B370-1A8269BE9478}.AppStore|iPhone.ActiveCfg = Release|Any CPU
		{DC047734-8A46-4AF8-B370-1A8269BE9478}.AppStore|iPhone.Build.0 = Release|Any CPU
		{DC047734-8A46-4AF8-B370-1A8269BE9478}.AppStore|iPhone.Deploy.0 = Release|Any CPU
		{DC047734-8A46-4AF8-B370-1A8269BE9478}.AppStore|iPhoneSimulator.ActiveCfg = Release|Any CPU
		{DC047734-8A46-4AF8-B370-1A8269BE9478}.AppStore|iPhoneSimulator.Build.0 = Release|Any CPU
		{DC047734-8A46-4AF8-B370-1A8269BE9478}.AppStore|iPhoneSimulator.Deploy.0 = Release|Any CPU
		{DC047734-8A46-4AF8-B370-1A8269BE9478}.Debug|Any CPU.ActiveCfg = Debug|Any CPU
		{DC047734-8A46-4AF8-B370-1A8269BE9478}.Debug|Any CPU.Build.0 = Debug|Any CPU
		{DC047734-8A46-4AF8-B370-1A8269BE9478}.Debug|Any CPU.Deploy.0 = Debug|Any CPU
		{DC047734-8A46-4AF8-B370-1A8269BE9478}.Debug|iPhone.ActiveCfg = Debug|Any CPU
		{DC047734-8A46-4AF8-B370-1A8269BE9478}.Debug|iPhone.Build.0 = Debug|Any CPU
		{DC047734-8A46-4AF8-B370-1A8269BE9478}.Debug|iPhone.Deploy.0 = Debug|Any CPU
		{DC047734-8A46-4AF8-B370-1A8269BE9478}.Debug|iPhoneSimulator.ActiveCfg = Debug|Any CPU
		{DC047734-8A46-4AF8-B370-1A8269BE9478}.Debug|iPhoneSimulator.Build.0 = Debug|Any CPU
		{DC047734-8A46-4AF8-B370-1A8269BE9478}.Debug|iPhoneSimulator.Deploy.0 = Debug|Any CPU
		{DC047734-8A46-4AF8-B370-1A8269BE9478}.Release|Any CPU.ActiveCfg = Release|Any CPU
		{DC047734-8A46-4AF8-B370-1A8269BE9478}.Release|Any CPU.Build.0 = Release|Any CPU
		{DC047734-8A46-4AF8-B370-1A8269BE9478}.Release|Any CPU.Deploy.0 = Release|Any CPU
		{DC047734-8A46-4AF8-B370-1A8269BE9478}.Release|iPhone.ActiveCfg = Release|Any CPU
		{DC047734-8A46-4AF8-B370-1A8269BE9478}.Release|iPhone.Build.0 = Release|Any CPU
		{DC047734-8A46-4AF8-B370-1A8269BE9478}.Release|iPhone.Deploy.0 = Release|Any CPU
		{DC047734-8A46-4AF8-B370-1A8269BE9478}.Release|iPhoneSimulator.ActiveCfg = Release|Any CPU
		{DC047734-8A46-4AF8-B370-1A8269BE9478}.Release|iPhoneSimulator.Build.0 = Release|Any CPU
		{DC047734-8A46-4AF8-B370-1A8269BE9478}.Release|iPhoneSimulator.Deploy.0 = Release|Any CPU
		{A8B7E24E-9EA9-4128-BBB1-7F60280AA372}.Ad-Hoc|Any CPU.ActiveCfg = Release|Any CPU
		{A8B7E24E-9EA9-4128-BBB1-7F60280AA372}.Ad-Hoc|Any CPU.Build.0 = Release|Any CPU
		{A8B7E24E-9EA9-4128-BBB1-7F60280AA372}.Ad-Hoc|iPhone.ActiveCfg = Release|Any CPU
		{A8B7E24E-9EA9-4128-BBB1-7F60280AA372}.Ad-Hoc|iPhone.Build.0 = Release|Any CPU
		{A8B7E24E-9EA9-4128-BBB1-7F60280AA372}.Ad-Hoc|iPhoneSimulator.ActiveCfg = Release|Any CPU
		{A8B7E24E-9EA9-4128-BBB1-7F60280AA372}.Ad-Hoc|iPhoneSimulator.Build.0 = Release|Any CPU
		{A8B7E24E-9EA9-4128-BBB1-7F60280AA372}.AppStore|Any CPU.ActiveCfg = Release|Any CPU
		{A8B7E24E-9EA9-4128-BBB1-7F60280AA372}.AppStore|Any CPU.Build.0 = Release|Any CPU
		{A8B7E24E-9EA9-4128-BBB1-7F60280AA372}.AppStore|iPhone.ActiveCfg = Release|Any CPU
		{A8B7E24E-9EA9-4128-BBB1-7F60280AA372}.AppStore|iPhone.Build.0 = Release|Any CPU
		{A8B7E24E-9EA9-4128-BBB1-7F60280AA372}.AppStore|iPhoneSimulator.ActiveCfg = Release|Any CPU
		{A8B7E24E-9EA9-4128-BBB1-7F60280AA372}.AppStore|iPhoneSimulator.Build.0 = Release|Any CPU
		{A8B7E24E-9EA9-4128-BBB1-7F60280AA372}.Debug|Any CPU.ActiveCfg = Debug|Any CPU
		{A8B7E24E-9EA9-4128-BBB1-7F60280AA372}.Debug|Any CPU.Build.0 = Debug|Any CPU
		{A8B7E24E-9EA9-4128-BBB1-7F60280AA372}.Debug|iPhone.ActiveCfg = Debug|Any CPU
		{A8B7E24E-9EA9-4128-BBB1-7F60280AA372}.Debug|iPhone.Build.0 = Debug|Any CPU
		{A8B7E24E-9EA9-4128-BBB1-7F60280AA372}.Debug|iPhoneSimulator.ActiveCfg = Debug|Any CPU
		{A8B7E24E-9EA9-4128-BBB1-7F60280AA372}.Debug|iPhoneSimulator.Build.0 = Debug|Any CPU
		{A8B7E24E-9EA9-4128-BBB1-7F60280AA372}.Release|Any CPU.ActiveCfg = Release|Any CPU
		{A8B7E24E-9EA9-4128-BBB1-7F60280AA372}.Release|Any CPU.Build.0 = Release|Any CPU
		{A8B7E24E-9EA9-4128-BBB1-7F60280AA372}.Release|iPhone.ActiveCfg = Release|Any CPU
		{A8B7E24E-9EA9-4128-BBB1-7F60280AA372}.Release|iPhone.Build.0 = Release|Any CPU
		{A8B7E24E-9EA9-4128-BBB1-7F60280AA372}.Release|iPhoneSimulator.ActiveCfg = Release|Any CPU
		{A8B7E24E-9EA9-4128-BBB1-7F60280AA372}.Release|iPhoneSimulator.Build.0 = Release|Any CPU
		{406939FF-5889-4DD0-B587-0A6CCB1F6893}.Ad-Hoc|Any CPU.ActiveCfg = Ad-Hoc|iPhone
		{406939FF-5889-4DD0-B587-0A6CCB1F6893}.Ad-Hoc|iPhone.ActiveCfg = Ad-Hoc|iPhone
		{406939FF-5889-4DD0-B587-0A6CCB1F6893}.Ad-Hoc|iPhone.Build.0 = Ad-Hoc|iPhone
		{406939FF-5889-4DD0-B587-0A6CCB1F6893}.Ad-Hoc|iPhoneSimulator.ActiveCfg = Ad-Hoc|iPhoneSimulator
		{406939FF-5889-4DD0-B587-0A6CCB1F6893}.Ad-Hoc|iPhoneSimulator.Build.0 = Ad-Hoc|iPhoneSimulator
		{406939FF-5889-4DD0-B587-0A6CCB1F6893}.AppStore|Any CPU.ActiveCfg = AppStore|iPhone
		{406939FF-5889-4DD0-B587-0A6CCB1F6893}.AppStore|iPhone.ActiveCfg = AppStore|iPhone
		{406939FF-5889-4DD0-B587-0A6CCB1F6893}.AppStore|iPhone.Build.0 = AppStore|iPhone
		{406939FF-5889-4DD0-B587-0A6CCB1F6893}.AppStore|iPhoneSimulator.ActiveCfg = AppStore|iPhoneSimulator
		{406939FF-5889-4DD0-B587-0A6CCB1F6893}.AppStore|iPhoneSimulator.Build.0 = AppStore|iPhoneSimulator
		{406939FF-5889-4DD0-B587-0A6CCB1F6893}.Debug|Any CPU.ActiveCfg = Debug|iPhone
		{406939FF-5889-4DD0-B587-0A6CCB1F6893}.Debug|iPhone.ActiveCfg = Debug|iPhone
		{406939FF-5889-4DD0-B587-0A6CCB1F6893}.Debug|iPhone.Build.0 = Debug|iPhone
		{406939FF-5889-4DD0-B587-0A6CCB1F6893}.Debug|iPhoneSimulator.ActiveCfg = Debug|iPhoneSimulator
		{406939FF-5889-4DD0-B587-0A6CCB1F6893}.Debug|iPhoneSimulator.Build.0 = Debug|iPhoneSimulator
		{406939FF-5889-4DD0-B587-0A6CCB1F6893}.Release|Any CPU.ActiveCfg = Release|iPhone
		{406939FF-5889-4DD0-B587-0A6CCB1F6893}.Release|iPhone.ActiveCfg = Release|iPhone
		{406939FF-5889-4DD0-B587-0A6CCB1F6893}.Release|iPhone.Build.0 = Release|iPhone
		{406939FF-5889-4DD0-B587-0A6CCB1F6893}.Release|iPhoneSimulator.ActiveCfg = Release|iPhoneSimulator
		{406939FF-5889-4DD0-B587-0A6CCB1F6893}.Release|iPhoneSimulator.Build.0 = Release|iPhoneSimulator
	EndGlobalSection
	GlobalSection(SolutionProperties) = preSolution
		HideSolutionNode = FALSE
	EndGlobalSection
EndGlobal
